
Microsoft Visual Studio Solution File, Format Version 12.00
# Visual Studio Version 16
VisualStudioVersion = 16.0.30413.136
MinimumVisualStudioVersion = 10.0.40219.1
Project("{8BC9CEB8-8B4A-11D0-8D11-00A0C91BC942}") = "laba5", "laba5\laba5.vcxproj", "{85FE3B05-5FF8-4D94-959A-C22285737EED}"
EndProject
Global
	GlobalSection(SolutionConfigurationPlatforms) = preSolution
		Debug|x64 = Debug|x64
		Debug|x86 = Debug|x86
		Release|x64 = Release|x64
		Release|x86 = Release|x86
	EndGlobalSection
	GlobalSection(ProjectConfigurationPlatforms) = postSolution
		{85FE3B05-5FF8-4D94-959A-C22285737EED}.Debug|x64.ActiveCfg = Debug|x64
		{85FE3B05-5FF8-4D94-959A-C22285737EED}.Debug|x64.Build.0 = Debug|x64
		{85FE3B05-5FF8-4D94-959A-C22285737EED}.Debug|x86.ActiveCfg = Debug|Win32
		{85FE3B05-5FF8-4D94-959A-C22285737EED}.Debug|x86.Build.0 = Debug|Win32
		{85FE3B05-5FF8-4D94-959A-C22285737EED}.Release|x64.ActiveCfg = Release|x64
		{85FE3B05-5FF8-4D94-959A-C22285737EED}.Release|x64.Build.0 = Release|x64
		{85FE3B05-5FF8-4D94-959A-C22285737EED}.Release|x86.ActiveCfg = Release|Win32
		{85FE3B05-5FF8-4D94-959A-C22285737EED}.Release|x86.Build.0 = Release|Win32
	EndGlobalSection
	GlobalSection(SolutionProperties) = preSolution
		HideSolutionNode = FALSE
	EndGlobalSection
	GlobalSection(ExtensibilityGlobals) = postSolution
		SolutionGuid = {02E01329-7B8A-4EB8-B5A8-65652FCE347C}
	EndGlobalSection
EndGlobal
